
Microsoft Visual Studio Solution File, Format Version 12.00
# Visual Studio 14
VisualStudioVersion = 14.0.25123.0
MinimumVisualStudioVersion = 10.0.40219.1
Project("{8BC9CEB8-8B4A-11D0-8D11-00A0C91BC942}") = "Steem", "SteemVS2015.vcxproj", "{9975320C-A18B-4425-B093-B11C1F35E3A4}"
EndProject
Global
	GlobalSection(SolutionConfigurationPlatforms) = preSolution
		Boiler Debug|x64 = Boiler Debug|x64
		Boiler Debug|x86 = Boiler Debug|x86
		Boiler|x64 = Boiler|x64
		Boiler|x86 = Boiler|x86
		Debug|x64 = Debug|x64
		Debug|x86 = Debug|x86
		Release_Opt|x64 = Release_Opt|x64
		Release_Opt|x86 = Release_Opt|x86
		Release|x64 = Release|x64
		Release|x86 = Release|x86
	EndGlobalSection
	GlobalSection(ProjectConfigurationPlatforms) = postSolution
		{9975320C-A18B-4425-B093-B11C1F35E3A4}.Boiler Debug|x64.ActiveCfg = Boiler Debug|x64
		{9975320C-A18B-4425-B093-B11C1F35E3A4}.Boiler Debug|x64.Build.0 = Boiler Debug|x64
		{9975320C-A18B-4425-B093-B11C1F35E3A4}.Boiler Debug|x86.ActiveCfg = Boiler Debug|Win32
		{9975320C-A18B-4425-B093-B11C1F35E3A4}.Boiler Debug|x86.Build.0 = Boiler Debug|Win32
		{9975320C-A18B-4425-B093-B11C1F35E3A4}.Boiler|x64.ActiveCfg = Debug|x64
		{9975320C-A18B-4425-B093-B11C1F35E3A4}.Boiler|x64.Build.0 = Debug|x64
		{9975320C-A18B-4425-B093-B11C1F35E3A4}.Boiler|x86.ActiveCfg = Boiler|Win32
		{9975320C-A18B-4425-B093-B11C1F35E3A4}.Boiler|x86.Build.0 = Boiler|Win32
		{9975320C-A18B-4425-B093-B11C1F35E3A4}.Debug|x64.ActiveCfg = Debug|x64
		{9975320C-A18B-4425-B093-B11C1F35E3A4}.Debug|x64.Build.0 = Debug|x64
		{9975320C-A18B-4425-B093-B11C1F35E3A4}.Debug|x86.ActiveCfg = Debug|Win32
		{9975320C-A18B-4425-B093-B11C1F35E3A4}.Debug|x86.Build.0 = Debug|Win32
		{9975320C-A18B-4425-B093-B11C1F35E3A4}.Release_Opt|x64.ActiveCfg = Release_Opt|x64
		{9975320C-A18B-4425-B093-B11C1F35E3A4}.Release_Opt|x64.Build.0 = Release_Opt|x64
		{9975320C-A18B-4425-B093-B11C1F35E3A4}.Release_Opt|x86.ActiveCfg = Release_Opt|Win32
		{9975320C-A18B-4425-B093-B11C1F35E3A4}.Release_Opt|x86.Build.0 = Release_Opt|Win32
		{9975320C-A18B-4425-B093-B11C1F35E3A4}.Release|x64.ActiveCfg = Release|x64
		{9975320C-A18B-4425-B093-B11C1F35E3A4}.Release|x64.Build.0 = Release|x64
		{9975320C-A18B-4425-B093-B11C1F35E3A4}.Release|x86.ActiveCfg = Release|Win32
		{9975320C-A18B-4425-B093-B11C1F35E3A4}.Release|x86.Build.0 = Release|Win32
	EndGlobalSection
	GlobalSection(SolutionProperties) = preSolution
		HideSolutionNode = FALSE
	EndGlobalSection
EndGlobal
