<?xml version="1.0" encoding="utf-8"?>
<Project ToolsVersion="4.0" xmlns="http://schemas.microsoft.com/developer/msbuild/2003">
  <ItemGroup>
    <Filter Include="Source Files">
      <UniqueIdentifier>{40f3966d-45c5-4d95-8332-fe0763b140ab}</UniqueIdentifier>
      <Extensions>cpp;c;cxx;def;odl;idl;hpj;bat;asm</Extensions>
    </Filter>
    <Filter Include="Header Files">
      <UniqueIdentifier>{56f4b822-766d-4996-9237-7e780dde64b6}</UniqueIdentifier>
      <Extensions>h;hpp;hxx;hm;inl;inc</Extensions>
    </Filter>
    <Filter Include="Resource Files">
      <UniqueIdentifier>{9bbc70f9-6af6-4d50-aba3-f9754cb14c27}</UniqueIdentifier>
      <Extensions>rc;ico;cur;bmp;dlg;rc2;rct;bin;rgs;gif;jpg;jpeg;jpe</Extensions>
    </Filter>
    <Filter Include="Third Party">
      <UniqueIdentifier>{0bd24985-8718-4a1e-85a7-7c6e232f1da5}</UniqueIdentifier>
    </Filter>
    <Filter Include="Third Party\ijor">
      <UniqueIdentifier>{143fa2d3-357d-41fb-adb9-6b5f154047e2}</UniqueIdentifier>
    </Filter>
    <Filter Include="Third Party\dsp">
      <UniqueIdentifier>{bbba3392-d286-49b7-8912-f5f0b9eb526b}</UniqueIdentifier>
    </Filter>
    <Filter Include="Third Party\6301">
      <UniqueIdentifier>{7861e837-7b1f-45f6-9197-e97c64171ace}</UniqueIdentifier>
    </Filter>
    <Filter Include="Third Party\caps">
      <UniqueIdentifier>{45756c98-93e8-4a18-b337-155f9f674417}</UniqueIdentifier>
    </Filter>
    <Filter Include="Third Party\AVI">
      <UniqueIdentifier>{3b5fa94c-cf37-4cfd-85bf-d78c30b553f2}</UniqueIdentifier>
    </Filter>
    <Filter Include="Third Party\SDL">
      <UniqueIdentifier>{bed9479b-8514-44cb-b4f0-9372f4ef28ed}</UniqueIdentifier>
    </Filter>
    <Filter Include="Object Files">
      <UniqueIdentifier>{e7efcecf-f4c3-4d5d-b68a-9bd8bf91777a}</UniqueIdentifier>
    </Filter>
    <Filter Include="code">
      <UniqueIdentifier>{95ed10f8-97a0-496d-af45-16d8f9fc3c7a}</UniqueIdentifier>
    </Filter>
    <Filter Include="Include">
      <UniqueIdentifier>{75b85ed3-4fc6-427e-9988-5c32b7020885}</UniqueIdentifier>
    </Filter>
    <Filter Include="SSE">
      <UniqueIdentifier>{3c37a0f8-fe13-4398-8355-119dddf336b9}</UniqueIdentifier>
    </Filter>
    <Filter Include="Unix">
      <UniqueIdentifier>{2abb78ca-9d4b-4956-8d4b-5374c4be4979}</UniqueIdentifier>
    </Filter>
    <Filter Include="Unix\include_x">
      <UniqueIdentifier>{d8be1db5-6abb-4946-85fa-376cead2df5b}</UniqueIdentifier>
    </Filter>
    <Filter Include="Unix\code_x">
      <UniqueIdentifier>{6a23f943-8225-4248-8b4b-1223e796e2fd}</UniqueIdentifier>
    </Filter>
  </ItemGroup>
  <ItemGroup>
    <ClCompile Include="..\..\steem\emu.cpp">
      <Filter>Source Files</Filter>
    </ClCompile>
    <ClCompile Include="..\..\steem\helper.cpp">
      <Filter>Source Files</Filter>
    </ClCompile>
    <ClCompile Include="..\..\steem\code\main.cpp">
      <Filter>Source Files</Filter>
    </ClCompile>
    <ClCompile Include="..\..\3rdparty\pasti\div68kCycleAccurate.c">
      <Filter>Third Party\ijor</Filter>
    </ClCompile>
    <ClCompile Include="..\..\3rdparty\dsp\dsp.cpp">
      <Filter>Third Party\dsp</Filter>
    </ClCompile>
    <ClCompile Include="..\..\3rdparty\6301\6301.c">
      <Filter>Third Party\6301</Filter>
    </ClCompile>
    <ClCompile Include="..\..\3rdparty\6301\alu.c">
      <Filter>Third Party\6301</Filter>
    </ClCompile>
    <ClCompile Include="..\..\3rdparty\6301\callstac.c">
      <Filter>Third Party\6301</Filter>
    </ClCompile>
    <ClCompile Include="..\..\3rdparty\6301\cpu.c">
      <Filter>Third Party\6301</Filter>
    </ClCompile>
    <ClCompile Include="..\..\3rdparty\6301\fprinthe.c">
      <Filter>Third Party\6301</Filter>
    </ClCompile>
    <ClCompile Include="..\..\3rdparty\6301\instr.c">
      <Filter>Third Party\6301</Filter>
    </ClCompile>
    <ClCompile Include="..\..\3rdparty\6301\ireg.c">
      <Filter>Third Party\6301</Filter>
    </ClCompile>
    <ClCompile Include="..\..\3rdparty\6301\memory.c">
      <Filter>Third Party\6301</Filter>
    </ClCompile>
    <ClCompile Include="..\..\3rdparty\6301\memsetl.c">
      <Filter>Third Party\6301</Filter>
    </ClCompile>
    <ClCompile Include="..\..\3rdparty\6301\opfunc.c">
      <Filter>Third Party\6301</Filter>
    </ClCompile>
    <ClCompile Include="..\..\3rdparty\6301\optab.c">
      <Filter>Third Party\6301</Filter>
    </ClCompile>
    <ClCompile Include="..\..\3rdparty\6301\reg.c">
      <Filter>Third Party\6301</Filter>
    </ClCompile>
    <ClCompile Include="..\..\3rdparty\6301\sci.c">
      <Filter>Third Party\6301</Filter>
    </ClCompile>
    <ClCompile Include="..\..\3rdparty\6301\symtab.c">
      <Filter>Third Party\6301</Filter>
    </ClCompile>
    <ClCompile Include="..\..\3rdparty\6301\timer.c">
      <Filter>Third Party\6301</Filter>
    </ClCompile>
    <ClCompile Include="..\..\3rdparty\6301\tty.c">
      <Filter>Third Party\6301</Filter>
    </ClCompile>
    <ClCompile Include="..\..\3rdparty\avi\AviFile.cpp">
      <Filter>Third Party\AVI</Filter>
    </ClCompile>
    <ClCompile Include="..\..\steem\code\acc.cpp">
      <Filter>code</Filter>
    </ClCompile>
    <ClCompile Include="..\..\steem\code\archive.cpp">
      <Filter>code</Filter>
    </ClCompile>
    <ClCompile Include="..\..\steem\code\associate.cpp">
      <Filter>code</Filter>
    </ClCompile>
    <ClCompile Include="..\..\steem\code\blitter.cpp">
      <Filter>code</Filter>
    </ClCompile>
    <ClCompile Include="..\..\steem\code\boiler.cpp">
      <Filter>code</Filter>
    </ClCompile>
    <ClCompile Include="..\..\steem\code\controls.cpp">
      <Filter>code</Filter>
    </ClCompile>
    <ClCompile Include="..\..\steem\code\cpu.cpp">
      <Filter>code</Filter>
    </ClCompile>
    <ClCompile Include="..\..\steem\code\cpuinit.cpp">
      <Filter>code</Filter>
    </ClCompile>
    <ClCompile Include="..\..\steem\code\d2.cpp">
      <Filter>code</Filter>
    </ClCompile>
    <ClCompile Include="..\..\steem\code\dataloadsave.cpp">
      <Filter>code</Filter>
    </ClCompile>
    <ClCompile Include="..\..\steem\code\debug.cpp">
      <Filter>code</Filter>
    </ClCompile>
    <ClCompile Include="..\..\steem\code\debug_emu.cpp">
      <Filter>code</Filter>
    </ClCompile>
    <ClCompile Include="..\..\steem\code\dir_id.cpp">
      <Filter>code</Filter>
    </ClCompile>
    <ClCompile Include="..\..\steem\code\diskman.cpp">
      <Filter>code</Filter>
    </ClCompile>
    <ClCompile Include="..\..\steem\code\diskman_diags.cpp">
      <Filter>code</Filter>
    </ClCompile>
    <ClCompile Include="..\..\steem\code\diskman_drag.cpp">
      <Filter>code</Filter>
    </ClCompile>
    <ClCompile Include="..\..\steem\code\display.cpp">
      <Filter>code</Filter>
    </ClCompile>
    <ClCompile Include="..\..\steem\code\draw.cpp">
      <Filter>code</Filter>
    </ClCompile>
    <ClCompile Include="..\..\steem\code\dwin_edit.cpp">
      <Filter>code</Filter>
    </ClCompile>
    <ClCompile Include="..\..\steem\code\emulator.cpp">
      <Filter>code</Filter>
    </ClCompile>
    <ClCompile Include="..\..\steem\code\fdc.cpp">
      <Filter>code</Filter>
    </ClCompile>
    <ClCompile Include="..\..\steem\code\floppy_drive.cpp">
      <Filter>code</Filter>
    </ClCompile>
    <ClCompile Include="..\..\steem\code\gui.cpp">
      <Filter>code</Filter>
    </ClCompile>
    <ClCompile Include="..\..\steem\code\harddiskman.cpp">
      <Filter>code</Filter>
    </ClCompile>
    <ClCompile Include="..\..\steem\code\hdimg.cpp">
      <Filter>code</Filter>
    </ClCompile>
    <ClCompile Include="..\..\steem\code\historylist.cpp">
      <Filter>code</Filter>
    </ClCompile>
    <ClCompile Include="..\..\steem\code\ikbd.cpp">
      <Filter>code</Filter>
    </ClCompile>
    <ClCompile Include="..\..\steem\code\infobox.cpp">
      <Filter>code</Filter>
    </ClCompile>
    <ClCompile Include="..\..\steem\code\init_sound.cpp">
      <Filter>code</Filter>
    </ClCompile>
    <ClCompile Include="..\..\steem\code\iolist.cpp">
      <Filter>code</Filter>
    </ClCompile>
    <ClCompile Include="..\..\steem\code\ior.cpp">
      <Filter>code</Filter>
    </ClCompile>
    <ClCompile Include="..\..\steem\code\iow.cpp">
      <Filter>code</Filter>
    </ClCompile>
    <ClCompile Include="..\..\steem\code\key_table.cpp">
      <Filter>code</Filter>
    </ClCompile>
    <ClCompile Include="..\..\steem\code\loadsave.cpp">
      <Filter>code</Filter>
    </ClCompile>
    <ClCompile Include="..\..\steem\code\loadsave_emu.cpp">
      <Filter>code</Filter>
    </ClCompile>
    <ClCompile Include="..\..\steem\code\macros.cpp">
      <Filter>code</Filter>
    </ClCompile>
    <ClCompile Include="..\..\steem\code\mem_browser.cpp">
      <Filter>code</Filter>
    </ClCompile>
    <ClCompile Include="..\..\steem\code\mfp.cpp">
      <Filter>code</Filter>
    </ClCompile>
    <ClCompile Include="..\..\steem\code\midi.cpp">
      <Filter>code</Filter>
    </ClCompile>
    <ClCompile Include="..\..\steem\code\mr_static.cpp">
      <Filter>code</Filter>
    </ClCompile>
    <ClCompile Include="..\..\steem\code\notifyinit.cpp">
      <Filter>code</Filter>
    </ClCompile>
    <ClCompile Include="..\..\steem\code\onegame.cpp">
      <Filter>code</Filter>
    </ClCompile>
    <ClCompile Include="..\..\steem\code\options.cpp">
      <Filter>code</Filter>
    </ClCompile>
    <ClCompile Include="..\..\steem\code\options_create.cpp">
      <Filter>code</Filter>
    </ClCompile>
    <ClCompile Include="..\..\steem\code\osd.cpp">
      <Filter>code</Filter>
    </ClCompile>
    <ClCompile Include="..\..\steem\code\palette.cpp">
      <Filter>code</Filter>
    </ClCompile>
    <ClCompile Include="..\..\steem\code\patchesbox.cpp">
      <Filter>code</Filter>
    </ClCompile>
    <ClCompile Include="..\..\steem\code\psg.cpp">
      <Filter>code</Filter>
    </ClCompile>
    <ClCompile Include="..\..\steem\code\reset.cpp">
      <Filter>code</Filter>
    </ClCompile>
    <ClCompile Include="..\..\steem\code\rs232.cpp">
      <Filter>code</Filter>
    </ClCompile>
    <ClCompile Include="..\..\steem\code\run.cpp">
      <Filter>code</Filter>
    </ClCompile>
    <ClCompile Include="..\..\steem\code\screen_saver.cpp">
      <Filter>code</Filter>
    </ClCompile>
    <ClCompile Include="..\..\steem\code\shortcutbox.cpp">
      <Filter>code</Filter>
    </ClCompile>
    <ClCompile Include="..\..\steem\code\steemintro.cpp">
      <Filter>code</Filter>
    </ClCompile>
    <ClCompile Include="..\..\steem\code\stemdialogs.cpp">
      <Filter>code</Filter>
    </ClCompile>
    <ClCompile Include="..\..\steem\code\stemdos.cpp">
      <Filter>code</Filter>
    </ClCompile>
    <ClCompile Include="..\..\steem\code\stemwin.cpp">
      <Filter>code</Filter>
    </ClCompile>
    <ClCompile Include="..\..\steem\code\stjoy.cpp">
      <Filter>code</Filter>
    </ClCompile>
    <ClCompile Include="..\..\steem\code\stjoy_directinput.cpp">
      <Filter>code</Filter>
    </ClCompile>
    <ClCompile Include="..\..\steem\code\stports.cpp">
      <Filter>code</Filter>
    </ClCompile>
    <ClCompile Include="..\..\steem\code\trace.cpp">
      <Filter>code</Filter>
    </ClCompile>
    <ClCompile Include="..\..\include\choosefolder.cpp">
      <Filter>Include</Filter>
    </ClCompile>
    <ClCompile Include="..\..\include\circularbuffer.cpp">
      <Filter>Include</Filter>
    </ClCompile>
    <ClCompile Include="..\..\include\colcombo.cpp">
      <Filter>Include</Filter>
    </ClCompile>
    <ClCompile Include="..\..\include\configstorefile.cpp">
      <Filter>Include</Filter>
    </ClCompile>
    <ClCompile Include="..\..\include\configstorefile_bad.cpp">
      <Filter>Include</Filter>
    </ClCompile>
    <ClCompile Include="..\..\include\configstorefile_list.cpp">
      <Filter>Include</Filter>
    </ClCompile>
    <ClCompile Include="..\..\include\di_get_contents.cpp">
      <Filter>Include</Filter>
    </ClCompile>
    <ClCompile Include="..\..\include\directory_tree.cpp">
      <Filter>Include</Filter>
    </ClCompile>
    <ClCompile Include="..\..\include\dirsearch.cpp">
      <Filter>Include</Filter>
    </ClCompile>
    <ClCompile Include="..\..\include\dynamicarray.cpp">
      <Filter>Include</Filter>
    </ClCompile>
    <ClCompile Include="..\..\include\easycompress.cpp">
      <Filter>Include</Filter>
    </ClCompile>
    <ClCompile Include="..\..\include\easystr.cpp">
      <Filter>Include</Filter>
    </ClCompile>
    <ClCompile Include="..\..\include\easystringlist.cpp">
      <Filter>Include</Filter>
    </ClCompile>
    <ClCompile Include="..\..\include\input_prompt.cpp">
      <Filter>Include</Filter>
    </ClCompile>
    <ClCompile Include="..\..\include\myddutil.cpp">
      <Filter>Include</Filter>
    </ClCompile>
    <ClCompile Include="..\..\include\mymisc.cpp">
      <Filter>Include</Filter>
    </ClCompile>
    <ClCompile Include="..\..\include\notwin_mymisc.cpp">
      <Filter>Include</Filter>
    </ClCompile>
    <ClCompile Include="..\..\include\portio.cpp">
      <Filter>Include</Filter>
    </ClCompile>
    <ClCompile Include="..\..\include\scrollingcontrolswin.cpp">
      <Filter>Include</Filter>
    </ClCompile>
    <ClCompile Include="..\..\include\sprites.cpp">
      <Filter>Include</Filter>
    </ClCompile>
    <ClCompile Include="..\..\include\wordwrapper.cpp">
      <Filter>Include</Filter>
    </ClCompile>
    <ClCompile Include="..\..\steem\code\SSE\SSE.cpp">
      <Filter>SSE</Filter>
    </ClCompile>
    <ClCompile Include="..\..\steem\code\SSE\SSE6301.cpp">
      <Filter>SSE</Filter>
    </ClCompile>
    <ClCompile Include="..\..\steem\code\SSE\SSECpu.cpp">
      <Filter>SSE</Filter>
    </ClCompile>
    <ClCompile Include="..\..\Steem\code\SSE\SSEDebug.cpp">
      <Filter>SSE</Filter>
    </ClCompile>
    <ClCompile Include="..\..\Steem\code\SSE\SSEFloppy.cpp">
      <Filter>SSE</Filter>
    </ClCompile>
    <ClCompile Include="..\..\steem\code\SSE\SSEInterrupt.cpp">
      <Filter>SSE</Filter>
    </ClCompile>
    <ClCompile Include="..\..\steem\code\SSE\SSEMMU.cpp">
      <Filter>SSE</Filter>
    </ClCompile>
    <ClCompile Include="..\..\steem\code\SSE\SSEOption.cpp">
      <Filter>SSE</Filter>
    </ClCompile>
    <ClCompile Include="..\..\steem\code\SSE\SSESDL.cpp">
      <Filter>SSE</Filter>
    </ClCompile>
    <ClCompile Include="..\..\steem\code\SSE\SSEShifter.cpp">
      <Filter>SSE</Filter>
    </ClCompile>
    <ClCompile Include="..\..\steem\code\SSE\SSEShifterEvents.cpp">
      <Filter>SSE</Filter>
    </ClCompile>
    <ClCompile Include="..\..\steem\code\SSE\SSESTF.cpp">
      <Filter>SSE</Filter>
    </ClCompile>
    <ClCompile Include="..\..\steem\code\SSE\SSEVideo.cpp">
      <Filter>SSE</Filter>
    </ClCompile>
    <ClCompile Include="..\..\include\x\hxc.cpp">
      <Filter>Unix\include_x</Filter>
    </ClCompile>
    <ClCompile Include="..\..\include\x\hxc_alert.cpp">
      <Filter>Unix\include_x</Filter>
    </ClCompile>
    <ClCompile Include="..\..\include\x\hxc_button.cpp">
      <Filter>Unix\include_x</Filter>
    </ClCompile>
    <ClCompile Include="..\..\include\x\hxc_dir_lv.cpp">
      <Filter>Unix\include_x</Filter>
    </ClCompile>
    <ClCompile Include="..\..\include\x\hxc_dropdown.cpp">
      <Filter>Unix\include_x</Filter>
    </ClCompile>
    <ClCompile Include="..\..\include\x\hxc_edit.cpp">
      <Filter>Unix\include_x</Filter>
    </ClCompile>
    <ClCompile Include="..\..\include\x\hxc_fileselect.cpp">
      <Filter>Unix\include_x</Filter>
    </ClCompile>
    <ClCompile Include="..\..\include\x\hxc_listview.cpp">
      <Filter>Unix\include_x</Filter>
    </ClCompile>
    <ClCompile Include="..\..\include\x\hxc_popup.cpp">
      <Filter>Unix\include_x</Filter>
    </ClCompile>
    <ClCompile Include="..\..\include\x\hxc_popuphints.cpp">
      <Filter>Unix\include_x</Filter>
    </ClCompile>
    <ClCompile Include="..\..\include\x\hxc_prompt.cpp">
      <Filter>Unix\include_x</Filter>
    </ClCompile>
    <ClCompile Include="..\..\include\x\hxc_scrollarea.cpp">
      <Filter>Unix\include_x</Filter>
    </ClCompile>
    <ClCompile Include="..\..\include\x\hxc_scrollbar.cpp">
      <Filter>Unix\include_x</Filter>
    </ClCompile>
    <ClCompile Include="..\..\include\x\hxc_textdisplay.cpp">
      <Filter>Unix\include_x</Filter>
    </ClCompile>
    <ClCompile Include="..\..\include\x\icongroup.cpp">
      <Filter>Unix\include_x</Filter>
    </ClCompile>
    <ClCompile Include="..\..\steem\code\x\x_controls.cpp">
      <Filter>Unix\code_x</Filter>
    </ClCompile>
    <ClCompile Include="..\..\steem\code\x\x_diskman.cpp">
      <Filter>Unix\code_x</Filter>
    </ClCompile>
    <ClCompile Include="..\..\steem\code\x\x_display.cpp">
      <Filter>Unix\code_x</Filter>
    </ClCompile>
    <ClCompile Include="..\..\steem\code\x\x_gui.cpp">
      <Filter>Unix\code_x</Filter>
    </ClCompile>
    <ClCompile Include="..\..\steem\code\x\x_harddiskman.cpp">
      <Filter>Unix\code_x</Filter>
    </ClCompile>
    <ClCompile Include="..\..\steem\code\x\x_infobox.cpp">
      <Filter>Unix\code_x</Filter>
    </ClCompile>
    <ClCompile Include="..\..\steem\code\x\x_joy.cpp">
      <Filter>Unix\code_x</Filter>
    </ClCompile>
    <ClCompile Include="..\..\steem\code\x\x_midi.cpp">
      <Filter>Unix\code_x</Filter>
    </ClCompile>
    <ClCompile Include="..\..\include\x\x_mymisc.cpp">
      <Filter>Unix\code_x</Filter>
    </ClCompile>
    <ClCompile Include="..\..\steem\code\x\x_notifyinit.cpp">
      <Filter>Unix\code_x</Filter>
    </ClCompile>
    <ClCompile Include="..\..\steem\code\x\x_options.cpp">
      <Filter>Unix\code_x</Filter>
    </ClCompile>
    <ClCompile Include="..\..\steem\code\x\x_options_create.cpp">
      <Filter>Unix\code_x</Filter>
    </ClCompile>
    <ClCompile Include="..\..\steem\code\x\x_patchesbox.cpp">
      <Filter>Unix\code_x</Filter>
    </ClCompile>
    <ClCompile Include="..\..\include\x\x_portio.cpp">
      <Filter>Unix\code_x</Filter>
    </ClCompile>
    <ClCompile Include="..\..\steem\code\x\x_screen_saver.cpp">
      <Filter>Unix\code_x</Filter>
    </ClCompile>
    <ClCompile Include="..\..\steem\code\x\x_shortcutbox.cpp">
      <Filter>Unix\code_x</Filter>
    </ClCompile>
    <ClCompile Include="..\..\steem\code\x\x_sound.cpp">
      <Filter>Unix\code_x</Filter>
    </ClCompile>
    <ClCompile Include="..\..\steem\code\x\x_sound_portaudio.cpp">
      <Filter>Unix\code_x</Filter>
    </ClCompile>
    <ClCompile Include="..\..\steem\code\x\x_sound_rtaudio.cpp">
      <Filter>Unix\code_x</Filter>
    </ClCompile>
    <ClCompile Include="..\..\steem\code\x\x_stemdialogs.cpp">
      <Filter>Unix\code_x</Filter>
    </ClCompile>
    <ClCompile Include="..\..\steem\code\x\x_stemwin.cpp">
      <Filter>Unix\code_x</Filter>
    </ClCompile>
  </ItemGroup>
  <ItemGroup>
    <ClInclude Include="..\..\steem\code\acc.decla.h">
      <Filter>Header Files</Filter>
    </ClInclude>
    <ClInclude Include="..\..\steem\code\acc.h">
      <Filter>Header Files</Filter>
    </ClInclude>
    <ClInclude Include="..\..\steem\code\acia.h">
      <Filter>Header Files</Filter>
    </ClInclude>
    <ClInclude Include="..\..\steem\code\archive.decla.h">
      <Filter>Header Files</Filter>
    </ClInclude>
    <ClInclude Include="..\..\steem\code\archive.h">
      <Filter>Header Files</Filter>
    </ClInclude>
    <ClInclude Include="..\..\steem\code\blitter.decla.h">
      <Filter>Header Files</Filter>
    </ClInclude>
    <ClInclude Include="..\..\steem\code\blitter.h">
      <Filter>Header Files</Filter>
    </ClInclude>
    <ClInclude Include="..\..\steem\code\boiler.decla.h">
      <Filter>Header Files</Filter>
    </ClInclude>
    <ClInclude Include="..\..\steem\code\boiler.h">
      <Filter>Header Files</Filter>
    </ClInclude>
    <ClInclude Include="..\..\steem\code\conditions.h">
      <Filter>Header Files</Filter>
    </ClInclude>
    <ClInclude Include="..\..\steem\code\cpu.decla.h">
      <Filter>Header Files</Filter>
    </ClInclude>
    <ClInclude Include="..\..\steem\code\cpu.h">
      <Filter>Header Files</Filter>
    </ClInclude>
    <ClInclude Include="..\..\steem\code\d2.decla.h">
      <Filter>Header Files</Filter>
    </ClInclude>
    <ClInclude Include="..\..\steem\code\d2.h">
      <Filter>Header Files</Filter>
    </ClInclude>
    <ClInclude Include="..\..\steem\code\dataloadsave.decla.h">
      <Filter>Header Files</Filter>
    </ClInclude>
    <ClInclude Include="..\..\steem\code\dataloadsave.h">
      <Filter>Header Files</Filter>
    </ClInclude>
    <ClInclude Include="..\..\steem\code\debug_emu.decla.h">
      <Filter>Header Files</Filter>
    </ClInclude>
    <ClInclude Include="..\..\steem\code\debug_emu.h">
      <Filter>Header Files</Filter>
    </ClInclude>
    <ClInclude Include="..\..\steem\code\dir_id.decla.h">
      <Filter>Header Files</Filter>
    </ClInclude>
    <ClInclude Include="..\..\steem\code\dir_id.h">
      <Filter>Header Files</Filter>
    </ClInclude>
    <ClInclude Include="..\..\steem\code\diskman.decla.h">
      <Filter>Header Files</Filter>
    </ClInclude>
    <ClInclude Include="..\..\steem\code\diskman.h">
      <Filter>Header Files</Filter>
    </ClInclude>
    <ClInclude Include="..\..\steem\code\display.decla.h">
      <Filter>Header Files</Filter>
    </ClInclude>
    <ClInclude Include="..\..\steem\code\display.h">
      <Filter>Header Files</Filter>
    </ClInclude>
    <ClInclude Include="..\..\steem\code\draw.decla.h">
      <Filter>Header Files</Filter>
    </ClInclude>
    <ClInclude Include="..\..\steem\code\draw.h">
      <Filter>Header Files</Filter>
    </ClInclude>
    <ClInclude Include="..\..\steem\code\dwin_edit.decla.h">
      <Filter>Header Files</Filter>
    </ClInclude>
    <ClInclude Include="..\..\steem\code\dwin_edit.h">
      <Filter>Header Files</Filter>
    </ClInclude>
    <ClInclude Include="..\..\steem\code\emulator.decla.h">
      <Filter>Header Files</Filter>
    </ClInclude>
    <ClInclude Include="..\..\steem\code\emulator.h">
      <Filter>Header Files</Filter>
    </ClInclude>
    <ClInclude Include="..\..\steem\code\fdc.decla.h">
      <Filter>Header Files</Filter>
    </ClInclude>
    <ClInclude Include="..\..\steem\code\fdc.h">
      <Filter>Header Files</Filter>
    </ClInclude>
    <ClInclude Include="..\..\steem\code\floppy_drive.decla.h">
      <Filter>Header Files</Filter>
    </ClInclude>
    <ClInclude Include="..\..\steem\code\floppy_drive.h">
      <Filter>Header Files</Filter>
    </ClInclude>
    <ClInclude Include="..\..\steem\code\gui.decla.h">
      <Filter>Header Files</Filter>
    </ClInclude>
    <ClInclude Include="..\..\steem\code\gui.h">
      <Filter>Header Files</Filter>
    </ClInclude>
    <ClInclude Include="..\..\steem\code\harddiskman.h">
      <Filter>Header Files</Filter>
    </ClInclude>
    <ClInclude Include="..\..\steem\code\hdimg.decla.h">
      <Filter>Header Files</Filter>
    </ClInclude>
    <ClInclude Include="..\..\steem\code\hdimg.h">
      <Filter>Header Files</Filter>
    </ClInclude>
    <ClInclude Include="..\..\steem\code\historylist.h">
      <Filter>Header Files</Filter>
    </ClInclude>
    <ClInclude Include="..\..\steem\code\ikbd.decla.h">
      <Filter>Header Files</Filter>
    </ClInclude>
    <ClInclude Include="..\..\steem\code\ikbd.h">
      <Filter>Header Files</Filter>
    </ClInclude>
    <ClInclude Include="..\..\steem\code\include.h">
      <Filter>Header Files</Filter>
    </ClInclude>
    <ClInclude Include="..\..\steem\code\infobox.h">
      <Filter>Header Files</Filter>
    </ClInclude>
    <ClInclude Include="..\..\steem\code\init_sound.decla.h">
      <Filter>Header Files</Filter>
    </ClInclude>
    <ClInclude Include="..\..\steem\code\init_sound.h">
      <Filter>Header Files</Filter>
    </ClInclude>
    <ClInclude Include="..\..\steem\code\iolist.decla.h">
      <Filter>Header Files</Filter>
    </ClInclude>
    <ClInclude Include="..\..\steem\code\iolist.h">
      <Filter>Header Files</Filter>
    </ClInclude>
    <ClInclude Include="..\..\steem\code\iorw.decla.h">
      <Filter>Header Files</Filter>
    </ClInclude>
    <ClInclude Include="..\..\steem\code\iorw.h">
      <Filter>Header Files</Filter>
    </ClInclude>
    <ClInclude Include="..\..\steem\code\key_table.decla.h">
      <Filter>Header Files</Filter>
    </ClInclude>
    <ClInclude Include="..\..\steem\code\key_table.h">
      <Filter>Header Files</Filter>
    </ClInclude>
    <ClInclude Include="..\..\steem\code\loadsave.decla.h">
      <Filter>Header Files</Filter>
    </ClInclude>
    <ClInclude Include="..\..\steem\code\loadsave.h">
      <Filter>Header Files</Filter>
    </ClInclude>
    <ClInclude Include="..\..\steem\code\macros.h">
      <Filter>Header Files</Filter>
    </ClInclude>
    <ClInclude Include="..\..\steem\code\mem_browser.h">
      <Filter>Header Files</Filter>
    </ClInclude>
    <ClInclude Include="..\..\steem\code\mfp.h">
      <Filter>Header Files</Filter>
    </ClInclude>
    <ClInclude Include="..\..\steem\code\midi.h">
      <Filter>Header Files</Filter>
    </ClInclude>
    <ClInclude Include="..\..\steem\code\mr_static.h">
      <Filter>Header Files</Filter>
    </ClInclude>
    <ClInclude Include="..\..\steem\code\notifyinit.h">
      <Filter>Header Files</Filter>
    </ClInclude>
    <ClInclude Include="..\..\steem\code\notwindows.h">
      <Filter>Header Files</Filter>
    </ClInclude>
    <ClInclude Include="..\..\steem\code\onegame.h">
      <Filter>Header Files</Filter>
    </ClInclude>
    <ClInclude Include="..\..\steem\code\options.h">
      <Filter>Header Files</Filter>
    </ClInclude>
    <ClInclude Include="..\..\steem\code\osd.h">
      <Filter>Header Files</Filter>
    </ClInclude>
    <ClInclude Include="..\..\steem\code\palette.h">
      <Filter>Header Files</Filter>
    </ClInclude>
    <ClInclude Include="..\..\steem\code\patchesbox.h">
      <Filter>Header Files</Filter>
    </ClInclude>
    <ClInclude Include="..\..\steem\pch.h">
      <Filter>Header Files</Filter>
    </ClInclude>
    <ClInclude Include="..\..\steem\code\psg.h">
      <Filter>Header Files</Filter>
    </ClInclude>
    <ClInclude Include="..\..\steem\code\reset.h">
      <Filter>Header Files</Filter>
    </ClInclude>
    <ClInclude Include="..\..\steem\code\resnum.decla.h">
      <Filter>Header Files</Filter>
    </ClInclude>
    <ClInclude Include="..\..\steem\code\resnum.h">
      <Filter>Header Files</Filter>
    </ClInclude>
    <ClInclude Include="..\..\steem\code\rs232.h">
      <Filter>Header Files</Filter>
    </ClInclude>
    <ClInclude Include="..\..\steem\code\run.decla.h">
      <Filter>Header Files</Filter>
    </ClInclude>
    <ClInclude Include="..\..\steem\code\run.h">
      <Filter>Header Files</Filter>
    </ClInclude>
    <ClInclude Include="..\..\steem\code\screen_saver.h">
      <Filter>Header Files</Filter>
    </ClInclude>
    <ClInclude Include="..\..\steem\code\shortcutbox.h">
      <Filter>Header Files</Filter>
    </ClInclude>
    <ClInclude Include="..\..\steem\code\SteemFreeImage.h">
      <Filter>Header Files</Filter>
    </ClInclude>
    <ClInclude Include="..\..\steem\code\steemh.h">
      <Filter>Header Files</Filter>
    </ClInclude>
    <ClInclude Include="..\..\steem\code\stemdialogs.h">
      <Filter>Header Files</Filter>
    </ClInclude>
    <ClInclude Include="..\..\steem\code\stemdos.h">
      <Filter>Header Files</Filter>
    </ClInclude>
    <ClInclude Include="..\..\steem\code\stjoy.h">
      <Filter>Header Files</Filter>
    </ClInclude>
    <ClInclude Include="..\..\steem\code\stports.h">
      <Filter>Header Files</Filter>
    </ClInclude>
    <ClInclude Include="..\..\steem\code\trace.h">
      <Filter>Header Files</Filter>
    </ClInclude>
    <ClInclude Include="..\..\steem\code\translate.h">
      <Filter>Header Files</Filter>
    </ClInclude>
    <ClInclude Include="..\..\steem\code\unzip_win32.h">
      <Filter>Header Files</Filter>
    </ClInclude>
    <ClInclude Include="..\..\3rdparty\pasti\pasti.h">
      <Filter>Third Party\ijor</Filter>
    </ClInclude>
    <ClInclude Include="..\..\3rdparty\dsp\dsp.h">
      <Filter>Third Party\dsp</Filter>
    </ClInclude>
    <ClInclude Include="..\..\3rdparty\6301\6301.h">
      <Filter>Third Party\6301</Filter>
    </ClInclude>
    <ClInclude Include="..\..\3rdparty\6301\alu.h">
      <Filter>Third Party\6301</Filter>
    </ClInclude>
    <ClInclude Include="..\..\3rdparty\6301\callstac.h">
      <Filter>Third Party\6301</Filter>
    </ClInclude>
    <ClInclude Include="..\..\3rdparty\6301\chip.h">
      <Filter>Third Party\6301</Filter>
    </ClInclude>
    <ClInclude Include="..\..\3rdparty\6301\cpu.h">
      <Filter>Third Party\6301</Filter>
    </ClInclude>
    <ClInclude Include="..\..\3rdparty\6301\defs.h">
      <Filter>Third Party\6301</Filter>
    </ClInclude>
    <ClInclude Include="..\..\3rdparty\6301\instr.h">
      <Filter>Third Party\6301</Filter>
    </ClInclude>
    <ClInclude Include="..\..\3rdparty\6301\ireg.h">
      <Filter>Third Party\6301</Filter>
    </ClInclude>
    <ClInclude Include="..\..\3rdparty\6301\main.h">
      <Filter>Third Party\6301</Filter>
    </ClInclude>
    <ClInclude Include="..\..\3rdparty\6301\memory.h">
      <Filter>Third Party\6301</Filter>
    </ClInclude>
    <ClInclude Include="..\..\3rdparty\6301\opfunc.h">
      <Filter>Third Party\6301</Filter>
    </ClInclude>
    <ClInclude Include="..\..\3rdparty\6301\optab.h">
      <Filter>Third Party\6301</Filter>
    </ClInclude>
    <ClInclude Include="..\..\3rdparty\6301\reg.h">
      <Filter>Third Party\6301</Filter>
    </ClInclude>
    <ClInclude Include="..\..\3rdparty\6301\sci.h">
      <Filter>Third Party\6301</Filter>
    </ClInclude>
    <ClInclude Include="..\..\3rdparty\6301\symtab.h">
      <Filter>Third Party\6301</Filter>
    </ClInclude>
    <ClInclude Include="..\..\3rdparty\6301\timer.h">
      <Filter>Third Party\6301</Filter>
    </ClInclude>
    <ClInclude Include="..\..\3rdparty\caps\CapsAPI.h">
      <Filter>Third Party\caps</Filter>
    </ClInclude>
    <ClInclude Include="..\..\3rdparty\caps\CapsFDC.h">
      <Filter>Third Party\caps</Filter>
    </ClInclude>
    <ClInclude Include="..\..\3rdparty\caps\Comtype.h">
      <Filter>Third Party\caps</Filter>
    </ClInclude>
    <ClInclude Include="..\..\3rdparty\avi\AviFile.h">
      <Filter>Third Party\AVI</Filter>
    </ClInclude>
    <ClInclude Include="..\..\3rdparty\avi\Resource.h">
      <Filter>Third Party\AVI</Filter>
    </ClInclude>
    <ClInclude Include="..\..\3rdparty\SDL-WIN\include\begin_code.h">
      <Filter>Third Party\SDL</Filter>
    </ClInclude>
    <ClInclude Include="..\..\3rdparty\SDL-WIN\include\close_code.h">
      <Filter>Third Party\SDL</Filter>
    </ClInclude>
    <ClInclude Include="..\..\3rdparty\SDL-WIN\include\SDL.h">
      <Filter>Third Party\SDL</Filter>
    </ClInclude>
    <ClInclude Include="..\..\3rdparty\SDL-WIN\include\SDL_active.h">
      <Filter>Third Party\SDL</Filter>
    </ClInclude>
    <ClInclude Include="..\..\3rdparty\SDL-WIN\include\SDL_audio.h">
      <Filter>Third Party\SDL</Filter>
    </ClInclude>
    <ClInclude Include="..\..\3rdparty\SDL-WIN\include\SDL_byteorder.h">
      <Filter>Third Party\SDL</Filter>
    </ClInclude>
    <ClInclude Include="..\..\3rdparty\SDL-WIN\include\SDL_cdrom.h">
      <Filter>Third Party\SDL</Filter>
    </ClInclude>
    <ClInclude Include="..\..\3rdparty\SDL-WIN\include\SDL_config.h">
      <Filter>Third Party\SDL</Filter>
    </ClInclude>
    <ClInclude Include="..\..\3rdparty\SDL-WIN\include\SDL_config_dreamcast.h">
      <Filter>Third Party\SDL</Filter>
    </ClInclude>
    <ClInclude Include="..\..\3rdparty\SDL-WIN\include\SDL_config_macos.h">
      <Filter>Third Party\SDL</Filter>
    </ClInclude>
    <ClInclude Include="..\..\3rdparty\SDL-WIN\include\SDL_config_macosx.h">
      <Filter>Third Party\SDL</Filter>
    </ClInclude>
    <ClInclude Include="..\..\3rdparty\SDL-WIN\include\SDL_config_minimal.h">
      <Filter>Third Party\SDL</Filter>
    </ClInclude>
    <ClInclude Include="..\..\3rdparty\SDL-WIN\include\SDL_config_nds.h">
      <Filter>Third Party\SDL</Filter>
    </ClInclude>
    <ClInclude Include="..\..\3rdparty\SDL-WIN\include\SDL_config_os2.h">
      <Filter>Third Party\SDL</Filter>
    </ClInclude>
    <ClInclude Include="..\..\3rdparty\SDL-WIN\include\SDL_config_symbian.h">
      <Filter>Third Party\SDL</Filter>
    </ClInclude>
    <ClInclude Include="..\..\3rdparty\SDL-WIN\include\SDL_config_win32.h">
      <Filter>Third Party\SDL</Filter>
    </ClInclude>
    <ClInclude Include="..\..\3rdparty\SDL-WIN\include\SDL_copying.h">
      <Filter>Third Party\SDL</Filter>
    </ClInclude>
    <ClInclude Include="..\..\3rdparty\SDL-WIN\include\SDL_cpuinfo.h">
      <Filter>Third Party\SDL</Filter>
    </ClInclude>
    <ClInclude Include="..\..\3rdparty\SDL-WIN\include\SDL_endian.h">
      <Filter>Third Party\SDL</Filter>
    </ClInclude>
    <ClInclude Include="..\..\3rdparty\SDL-WIN\include\SDL_error.h">
      <Filter>Third Party\SDL</Filter>
    </ClInclude>
    <ClInclude Include="..\..\3rdparty\SDL-WIN\include\SDL_events.h">
      <Filter>Third Party\SDL</Filter>
    </ClInclude>
    <ClInclude Include="..\..\3rdparty\SDL-WIN\include\SDL_getenv.h">
      <Filter>Third Party\SDL</Filter>
    </ClInclude>
    <ClInclude Include="..\..\3rdparty\SDL-WIN\include\SDL_joystick.h">
      <Filter>Third Party\SDL</Filter>
    </ClInclude>
    <ClInclude Include="..\..\3rdparty\SDL-WIN\include\SDL_keyboard.h">
      <Filter>Third Party\SDL</Filter>
    </ClInclude>
    <ClInclude Include="..\..\3rdparty\SDL-WIN\include\SDL_keysym.h">
      <Filter>Third Party\SDL</Filter>
    </ClInclude>
    <ClInclude Include="..\..\3rdparty\SDL-WIN\include\SDL_loadso.h">
      <Filter>Third Party\SDL</Filter>
    </ClInclude>
    <ClInclude Include="..\..\3rdparty\SDL-WIN\include\SDL_main.h">
      <Filter>Third Party\SDL</Filter>
    </ClInclude>
    <ClInclude Include="..\..\3rdparty\SDL-WIN\include\SDL_mouse.h">
      <Filter>Third Party\SDL</Filter>
    </ClInclude>
    <ClInclude Include="..\..\3rdparty\SDL-WIN\include\SDL_mutex.h">
      <Filter>Third Party\SDL</Filter>
    </ClInclude>
    <ClInclude Include="..\..\3rdparty\SDL-WIN\include\SDL_name.h">
      <Filter>Third Party\SDL</Filter>
    </ClInclude>
    <ClInclude Include="..\..\3rdparty\SDL-WIN\include\SDL_opengl.h">
      <Filter>Third Party\SDL</Filter>
    </ClInclude>
    <ClInclude Include="..\..\3rdparty\SDL-WIN\include\SDL_platform.h">
      <Filter>Third Party\SDL</Filter>
    </ClInclude>
    <ClInclude Include="..\..\3rdparty\SDL-WIN\include\SDL_quit.h">
      <Filter>Third Party\SDL</Filter>
    </ClInclude>
    <ClInclude Include="..\..\3rdparty\SDL-WIN\include\SDL_rwops.h">
      <Filter>Third Party\SDL</Filter>
    </ClInclude>
    <ClInclude Include="..\..\3rdparty\SDL-WIN\include\SDL_stdinc.h">
      <Filter>Third Party\SDL</Filter>
    </ClInclude>
    <ClInclude Include="..\..\3rdparty\SDL-WIN\include\SDL_syswm.h">
      <Filter>Third Party\SDL</Filter>
    </ClInclude>
    <ClInclude Include="..\..\3rdparty\SDL-WIN\include\SDL_thread.h">
      <Filter>Third Party\SDL</Filter>
    </ClInclude>
    <ClInclude Include="..\..\3rdparty\SDL-WIN\include\SDL_timer.h">
      <Filter>Third Party\SDL</Filter>
    </ClInclude>
    <ClInclude Include="..\..\3rdparty\SDL-WIN\include\SDL_types.h">
      <Filter>Third Party\SDL</Filter>
    </ClInclude>
    <ClInclude Include="..\..\3rdparty\SDL-WIN\include\SDL_version.h">
      <Filter>Third Party\SDL</Filter>
    </ClInclude>
    <ClInclude Include="..\..\3rdparty\SDL-WIN\include\SDL_video.h">
      <Filter>Third Party\SDL</Filter>
    </ClInclude>
    <ClInclude Include="..\..\include\binary.h">
      <Filter>Include</Filter>
    </ClInclude>
    <ClInclude Include="..\..\include\choosefolder.h">
      <Filter>Include</Filter>
    </ClInclude>
    <ClInclude Include="..\..\include\circularbuffer.h">
      <Filter>Include</Filter>
    </ClInclude>
    <ClInclude Include="..\..\include\clarity.h">
      <Filter>Include</Filter>
    </ClInclude>
    <ClInclude Include="..\..\include\colcombo.h">
      <Filter>Include</Filter>
    </ClInclude>
    <ClInclude Include="..\..\include\configstorefile.h">
      <Filter>Include</Filter>
    </ClInclude>
    <ClInclude Include="..\..\include\dderr_meaning.h">
      <Filter>Include</Filter>
    </ClInclude>
    <ClInclude Include="..\..\include\dderr_strings.h">
      <Filter>Include</Filter>
    </ClInclude>
    <ClInclude Include="..\..\include\ddutil.h">
      <Filter>Include</Filter>
    </ClInclude>
    <ClInclude Include="..\..\include\di_get_contents.h">
      <Filter>Include</Filter>
    </ClInclude>
    <ClInclude Include="..\..\include\directory_tree.h">
      <Filter>Include</Filter>
    </ClInclude>
    <ClInclude Include="..\..\include\dirsearch.h">
      <Filter>Include</Filter>
    </ClInclude>
    <ClInclude Include="..\..\include\dynamicarray.h">
      <Filter>Include</Filter>
    </ClInclude>
    <ClInclude Include="..\..\include\easycompress.h">
      <Filter>Include</Filter>
    </ClInclude>
    <ClInclude Include="..\..\include\easystr.h">
      <Filter>Include</Filter>
    </ClInclude>
    <ClInclude Include="..\..\include\easystringlist.h">
      <Filter>Include</Filter>
    </ClInclude>
    <ClInclude Include="..\..\include\fixed.h">
      <Filter>Include</Filter>
    </ClInclude>
    <ClInclude Include="..\..\include\input_prompt.h">
      <Filter>Include</Filter>
    </ClInclude>
    <ClInclude Include="..\..\include\internal_speaker.h">
      <Filter>Include</Filter>
    </ClInclude>
    <ClInclude Include="..\..\include\lbprintf.h">
      <Filter>Include</Filter>
    </ClInclude>
    <ClInclude Include="..\..\include\mymisc.h">
      <Filter>Include</Filter>
    </ClInclude>
    <ClInclude Include="..\..\include\notwin_mymisc.h">
      <Filter>Include</Filter>
    </ClInclude>
    <ClInclude Include="..\..\include\portio.h">
      <Filter>Include</Filter>
    </ClInclude>
    <ClInclude Include="..\..\include\scrollingcontrolswin.h">
      <Filter>Include</Filter>
    </ClInclude>
    <ClInclude Include="..\..\include\tbrowseforfolder.h">
      <Filter>Include</Filter>
    </ClInclude>
    <ClInclude Include="..\..\include\wordwrapper.h">
      <Filter>Include</Filter>
    </ClInclude>
    <ClInclude Include="..\..\steem\code\SSE\SSE.h">
      <Filter>SSE</Filter>
    </ClInclude>
    <ClInclude Include="..\..\steem\code\SSE\SSE6301.h">
      <Filter>SSE</Filter>
    </ClInclude>
    <ClInclude Include="..\..\steem\code\SSE\SSECpu.h">
      <Filter>SSE</Filter>
    </ClInclude>
    <ClInclude Include="..\..\Steem\code\SSE\SSEDebug.h">
      <Filter>SSE</Filter>
    </ClInclude>
    <ClInclude Include="..\..\steem\code\SSE\SSEDecla.h">
      <Filter>SSE</Filter>
    </ClInclude>
    <ClInclude Include="..\..\Steem\code\SSE\SSEFloppy.h">
      <Filter>SSE</Filter>
    </ClInclude>
    <ClInclude Include="..\..\steem\code\SSE\SSEInline.h">
      <Filter>SSE</Filter>
    </ClInclude>
    <ClInclude Include="..\..\steem\code\SSE\SSEInterrupt.h">
      <Filter>SSE</Filter>
    </ClInclude>
    <ClInclude Include="..\..\steem\code\SSE\SSEM68000.h">
      <Filter>SSE</Filter>
    </ClInclude>
    <ClInclude Include="..\..\steem\code\SSE\SSEMMU.h">
      <Filter>SSE</Filter>
    </ClInclude>
    <ClInclude Include="..\..\steem\code\SSE\SSEOption.h">
      <Filter>SSE</Filter>
    </ClInclude>
    <ClInclude Include="..\..\steem\code\SSE\SSEParameters.h">
      <Filter>SSE</Filter>
    </ClInclude>
    <ClInclude Include="..\..\steem\code\SSE\SSESDL.h">
      <Filter>SSE</Filter>
    </ClInclude>
    <ClInclude Include="..\..\steem\code\SSE\SSEShifter.h">
      <Filter>SSE</Filter>
    </ClInclude>
    <ClInclude Include="..\..\steem\code\SSE\SSEShifterEvents.h">
      <Filter>SSE</Filter>
    </ClInclude>
    <ClInclude Include="..\..\steem\code\SSE\SSESTF.h">
      <Filter>SSE</Filter>
    </ClInclude>
    <ClInclude Include="..\..\steem\code\SSE\SSEVideo.h">
      <Filter>SSE</Filter>
    </ClInclude>
    <ClInclude Include="..\..\include\x\hxc.h">
      <Filter>Unix\include_x</Filter>
    </ClInclude>
    <ClInclude Include="..\..\include\x\hxc_alert.h">
      <Filter>Unix\include_x</Filter>
    </ClInclude>
    <ClInclude Include="..\..\include\x\hxc_dir_lv.h">
      <Filter>Unix\include_x</Filter>
    </ClInclude>
    <ClInclude Include="..\..\include\x\hxc_fileselect.h">
      <Filter>Unix\include_x</Filter>
    </ClInclude>
    <ClInclude Include="..\..\include\x\hxc_popup.h">
      <Filter>Unix\include_x</Filter>
    </ClInclude>
    <ClInclude Include="..\..\include\x\hxc_popuphints.h">
      <Filter>Unix\include_x</Filter>
    </ClInclude>
    <ClInclude Include="..\..\include\x\hxc_prompt.h">
      <Filter>Unix\include_x</Filter>
    </ClInclude>
    <ClInclude Include="..\..\include\x\icongroup.h">
      <Filter>Unix\include_x</Filter>
    </ClInclude>
    <ClInclude Include="..\..\steem\code\x\x_controls.h">
      <Filter>Unix\code_x</Filter>
    </ClInclude>
    <ClInclude Include="..\..\include\x\x_mymisc.h">
      <Filter>Unix\code_x</Filter>
    </ClInclude>
  </ItemGroup>
  <ItemGroup>
    <Image Include="..\..\steem\rc\debug_close.ico">
      <Filter>Resource Files</Filter>
    </Image>
    <Image Include="..\..\Steem\rc\debug_icons.bmp">
      <Filter>Resource Files</Filter>
    </Image>
    <Image Include="..\..\steem\rc\debug_trash.ico">
      <Filter>Resource Files</Filter>
    </Image>
    <Image Include="..\..\steem\rc\disk_manager.ico">
      <Filter>Resource Files</Filter>
    </Image>
    <Image Include="..\..\steem\rc\dm_accurate_fdc.ico">
      <Filter>Resource Files</Filter>
    </Image>
    <Image Include="..\..\steem\rc\dm_back.ico">
      <Filter>Resource Files</Filter>
    </Image>
    <Image Include="..\..\steem\rc\dm_disk.ico">
      <Filter>Resource Files</Filter>
    </Image>
    <Image Include="..\..\steem\rc\dm_disk_history_menu.ico">
      <Filter>Resource Files</Filter>
    </Image>
    <Image Include="..\..\steem\rc\dm_disk_link.ico">
      <Filter>Resource Files</Filter>
    </Image>
    <Image Include="..\..\steem\rc\dm_disk_link_broken.ico">
      <Filter>Resource Files</Filter>
    </Image>
    <Image Include="..\..\steem\rc\dm_disk_readonly.ico">
      <Filter>Resource Files</Filter>
    </Image>
    <Image Include="..\..\steem\rc\dm_disk_zip_readonly.ico">
      <Filter>Resource Files</Filter>
    </Image>
    <Image Include="..\..\steem\rc\dm_disk_zip_readwrite.ico">
      <Filter>Resource Files</Filter>
    </Image>
    <Image Include="..\..\steem\rc\dm_drive_a.ico">
      <Filter>Resource Files</Filter>
    </Image>
    <Image Include="..\..\steem\rc\dm_drive_b.ico">
      <Filter>Resource Files</Filter>
    </Image>
    <Image Include="..\..\steem\rc\dm_drive_b_disabled.ico">
      <Filter>Resource Files</Filter>
    </Image>
    <Image Include="..\..\steem\rc\dm_folder.ico">
      <Filter>Resource Files</Filter>
    </Image>
    <Image Include="..\..\steem\rc\dm_folder_link.ico">
      <Filter>Resource Files</Filter>
    </Image>
    <Image Include="..\..\steem\rc\dm_folder_link_broken.ico">
      <Filter>Resource Files</Filter>
    </Image>
    <Image Include="..\..\steem\rc\dm_folder_parent.ico">
      <Filter>Resource Files</Filter>
    </Image>
    <Image Include="..\..\steem\rc\dm_forward.ico">
      <Filter>Resource Files</Filter>
    </Image>
    <Image Include="..\..\steem\rc\dm_hard_drives.ico">
      <Filter>Resource Files</Filter>
    </Image>
    <Image Include="..\..\steem\rc\dm_hard_drives_francais.ico">
      <Filter>Resource Files</Filter>
    </Image>
    <Image Include="..\..\steem\rc\dm_home.ico">
      <Filter>Resource Files</Filter>
    </Image>
    <Image Include="..\..\steem\rc\dm_menu.ico">
      <Filter>Resource Files</Filter>
    </Image>
    <Image Include="..\..\steem\rc\dm_set_home.ico">
      <Filter>Resource Files</Filter>
    </Image>
    <Image Include="..\..\steem\rc\dm_tools_menu.ico">
      <Filter>Resource Files</Filter>
    </Image>
    <Image Include="..\..\steem\rc\fast_forward.ico">
      <Filter>Resource Files</Filter>
    </Image>
    <Image Include="..\..\Steem\rc\flags.bmp">
      <Filter>Resource Files</Filter>
    </Image>
    <Image Include="..\..\steem\rc\fullscreen_quit.ico">
      <Filter>Resource Files</Filter>
    </Image>
    <Image Include="..\..\steem\rc\hard_drive.ico">
      <Filter>Resource Files</Filter>
    </Image>
    <Image Include="..\..\steem\rc\info.ico">
      <Filter>Resource Files</Filter>
    </Image>
    <Image Include="..\..\steem\rc\info_cart_howto.ico">
      <Filter>Resource Files</Filter>
    </Image>
    <Image Include="..\..\steem\rc\info_disk_howto.ico">
      <Filter>Resource Files</Filter>
    </Image>
    <Image Include="..\..\steem\rc\info_drawspeed.ico">
      <Filter>Resource Files</Filter>
    </Image>
    <Image Include="..\..\steem\rc\info_faq.ico">
      <Filter>Resource Files</Filter>
    </Image>
    <Image Include="..\..\steem\rc\info_links.ico">
      <Filter>Resource Files</Filter>
    </Image>
    <Image Include="..\..\steem\rc\info_text.ico">
      <Filter>Resource Files</Filter>
    </Image>
    <Image Include="..\..\steem\rc\joy.ico">
      <Filter>Resource Files</Filter>
    </Image>
    <Image Include="..\..\steem\rc\macro_play.ico">
      <Filter>Resource Files</Filter>
    </Image>
    <Image Include="..\..\steem\rc\memory_snapshot.ico">
      <Filter>Resource Files</Filter>
    </Image>
    <Image Include="..\..\steem\rc\memory_snapshot_file_icon.ico">
      <Filter>Resource Files</Filter>
    </Image>
    <Image Include="..\..\steem\rc\options.ico">
      <Filter>Resource Files</Filter>
    </Image>
    <Image Include="..\..\steem\rc\options_associations.ico">
      <Filter>Resource Files</Filter>
    </Image>
    <Image Include="..\..\steem\rc\options_brightcon.ico">
      <Filter>Resource Files</Filter>
    </Image>
    <Image Include="..\..\steem\rc\options_display.ico">
      <Filter>Resource Files</Filter>
    </Image>
    <Image Include="..\..\steem\rc\options_fullscreen.ico">
      <Filter>Resource Files</Filter>
    </Image>
    <Image Include="..\..\steem\rc\options_general.ico">
      <Filter>Resource Files</Filter>
    </Image>
    <Image Include="..\..\steem\rc\options_icons.ico">
      <Filter>Resource Files</Filter>
    </Image>
    <Image Include="..\..\steem\rc\options_machine.ico">
      <Filter>Resource Files</Filter>
    </Image>
    <Image Include="..\..\steem\rc\options_macros.ico">
      <Filter>Resource Files</Filter>
    </Image>
    <Image Include="..\..\steem\rc\options_midi.ico">
      <Filter>Resource Files</Filter>
    </Image>
    <Image Include="..\..\steem\rc\options_osd.ico">
      <Filter>Resource Files</Filter>
    </Image>
    <Image Include="..\..\steem\rc\options_ports.ico">
      <Filter>Resource Files</Filter>
    </Image>
    <Image Include="..\..\steem\rc\options_profiles.ico">
      <Filter>Resource Files</Filter>
    </Image>
    <Image Include="..\..\steem\rc\options_sound.ico">
      <Filter>Resource Files</Filter>
    </Image>
    <Image Include="..\..\Steem\rc\options_sse.ico">
      <Filter>Resource Files</Filter>
    </Image>
    <Image Include="..\..\steem\rc\options_startup.ico">
      <Filter>Resource Files</Filter>
    </Image>
    <Image Include="..\..\steem\rc\options_tos.ico">
      <Filter>Resource Files</Filter>
    </Image>
    <Image Include="..\..\steem\rc\paste.ico">
      <Filter>Resource Files</Filter>
    </Image>
    <Image Include="..\..\steem\rc\patch.ico">
      <Filter>Resource Files</Filter>
    </Image>
    <Image Include="..\..\steem\rc\patch_new.ico">
      <Filter>Resource Files</Filter>
    </Image>
    <Image Include="..\..\steem\rc\pc_folder.ico">
      <Filter>Resource Files</Filter>
    </Image>
    <Image Include="..\..\steem\rc\program_file_icon.ico">
      <Filter>Resource Files</Filter>
    </Image>
    <Image Include="..\..\steem\rc\record.ico">
      <Filter>Resource Files</Filter>
    </Image>
    <Image Include="..\..\steem\rc\reset.ico">
      <Filter>Resource Files</Filter>
    </Image>
    <Image Include="..\..\steem\rc\reset_need.ico">
      <Filter>Resource Files</Filter>
    </Image>
    <Image Include="..\..\steem\rc\run.ico">
      <Filter>Resource Files</Filter>
    </Image>
    <Image Include="..\..\steem\rc\shortcut.ico">
      <Filter>Resource Files</Filter>
    </Image>
    <Image Include="..\..\steem\rc\shortcut_off.ico">
      <Filter>Resource Files</Filter>
    </Image>
    <Image Include="..\..\steem\rc\shortcut_on.ico">
      <Filter>Resource Files</Filter>
    </Image>
    <Image Include="..\..\Steem\rc\st_chars_mono.bmp">
      <Filter>Resource Files</Filter>
    </Image>
    <Image Include="..\..\steem\rc\steem.ico">
      <Filter>Resource Files</Filter>
    </Image>
    <Image Include="..\..\steem\rc\steem_256_file_icon.ico">
      <Filter>Resource Files</Filter>
    </Image>
    <Image Include="..\..\steem\rc\take_screenshot.ico">
      <Filter>Resource Files</Filter>
    </Image>
    <Image Include="..\..\steem\rc\update.ico">
      <Filter>Resource Files</Filter>
    </Image>
    <Image Include="..\..\steem\rc\windowed_mode.ico">
      <Filter>Resource Files</Filter>
    </Image>
  </ItemGroup>
  <ItemGroup>
    <ResourceCompile Include="..\..\steem\rc\resource.rc">
      <Filter>Resource Files</Filter>
    </ResourceCompile>
  </ItemGroup>
  <ItemGroup>
    <Library Include="..\..\3rdparty\caps\CAPSImg.lib">
      <Filter>Third Party\caps</Filter>
    </Library>
    <Library Include="..\..\3rdparty\SDL-WIN\lib\x86\SDL.lib">
      <Filter>Third Party\SDL</Filter>
    </Library>
    <Library Include="..\..\3rdparty\SDL-WIN\lib\x86\SDLmain.lib">
      <Filter>Third Party\SDL</Filter>
    </Library>
    <Library Include="..\..\steem\lib\dinput8.lib">
      <Filter>Object Files</Filter>
    </Library>
    <Library Include="..\..\steem\lib\dxguid.lib">
      <Filter>Object Files</Filter>
    </Library>
  </ItemGroup>
  <ItemGroup>
    <CustomBuild Include="..\..\steem\rc\point.cur">
      <Filter>Resource Files</Filter>
    </CustomBuild>
    <CustomBuild Include="..\..\Steem\rc\charset.blk" />
  </ItemGroup>
  <ItemGroup>
    <Object Include="..\..\steem\obj\asm_draw.obj">
      <Filter>Object Files</Filter>
    </Object>
    <Object Include="..\..\steem\obj\asm_osd.obj">
      <Filter>Object Files</Filter>
    </Object>
  </ItemGroup>
</Project>