
Microsoft Visual Studio Solution File, Format Version 12.00
# Visual Studio 2012
Project("{8BC9CEB8-8B4A-11D0-8D11-00A0C91BC942}") = "Steem", "SteemVS2012.vcxproj", "{79C77640-A3CD-4B31-AFE6-2F446A89509F}"
EndProject
Global
	GlobalSection(SolutionConfigurationPlatforms) = preSolution
		Boiler Debug|Win32 = Boiler Debug|Win32
		Boiler|Win32 = Boiler|Win32
		Debug|Win32 = Debug|Win32
		Release|Win32 = Release|Win32
	EndGlobalSection
	GlobalSection(ProjectConfigurationPlatforms) = postSolution
		{79C77640-A3CD-4B31-AFE6-2F446A89509F}.Boiler Debug|Win32.ActiveCfg = Boiler Debug|Win32
		{79C77640-A3CD-4B31-AFE6-2F446A89509F}.Boiler Debug|Win32.Build.0 = Boiler Debug|Win32
		{79C77640-A3CD-4B31-AFE6-2F446A89509F}.Boiler|Win32.ActiveCfg = Boiler|Win32
		{79C77640-A3CD-4B31-AFE6-2F446A89509F}.Boiler|Win32.Build.0 = Boiler|Win32
		{79C77640-A3CD-4B31-AFE6-2F446A89509F}.Debug|Win32.ActiveCfg = Debug|Win32
		{79C77640-A3CD-4B31-AFE6-2F446A89509F}.Debug|Win32.Build.0 = Debug|Win32
		{79C77640-A3CD-4B31-AFE6-2F446A89509F}.Release|Win32.ActiveCfg = Release|Win32
		{79C77640-A3CD-4B31-AFE6-2F446A89509F}.Release|Win32.Build.0 = Release|Win32
	EndGlobalSection
	GlobalSection(SolutionProperties) = preSolution
		HideSolutionNode = FALSE
	EndGlobalSection
EndGlobal
